// !$*UTF8*$!
{
	archiveVersion = 1;
	classes = {
	};
	objectVersion = 50;
	objects = {

/* Begin PBXBuildFile section */
		860BF826260210640056428B /* AppDelegate.swift in Sources */ = {isa = PBXBuildFile; fileRef = 860BF825260210640056428B /* AppDelegate.swift */; };
		860BF828260210640056428B /* SceneDelegate.swift in Sources */ = {isa = PBXBuildFile; fileRef = 860BF827260210640056428B /* SceneDelegate.swift */; };
		860BF82A260210640056428B /* MainViewController.swift in Sources */ = {isa = PBXBuildFile; fileRef = 860BF829260210640056428B /* MainViewController.swift */; };
		860BF82D260210640056428B /* Main.storyboard in Resources */ = {isa = PBXBuildFile; fileRef = 860BF82B260210640056428B /* Main.storyboard */; };
		860BF82F260210670056428B /* Assets.xcassets in Resources */ = {isa = PBXBuildFile; fileRef = 860BF82E260210670056428B /* Assets.xcassets */; };
		860BF832260210670056428B /* LaunchScreen.storyboard in Resources */ = {isa = PBXBuildFile; fileRef = 860BF830260210670056428B /* LaunchScreen.storyboard */; };
		8623F0F9260B0BCD00033AAF /* EntryViewController.swift in Sources */ = {isa = PBXBuildFile; fileRef = 8623F0F8260B0BCD00033AAF /* EntryViewController.swift */; };
		8623F103260B11CC00033AAF /* RegisterViewController.swift in Sources */ = {isa = PBXBuildFile; fileRef = 8623F102260B11CC00033AAF /* RegisterViewController.swift */; };
		8623F106260B11FB00033AAF /* RegisterPinViewController.swift in Sources */ = {isa = PBXBuildFile; fileRef = 8623F105260B11FB00033AAF /* RegisterPinViewController.swift */; };
		8623F10D260B124800033AAF /* LoginViewController.swift in Sources */ = {isa = PBXBuildFile; fileRef = 8623F10C260B124800033AAF /* LoginViewController.swift */; };
		8686F147261DF52300779AA9 /* BookCell.swift in Sources */ = {isa = PBXBuildFile; fileRef = 8686F146261DF52300779AA9 /* BookCell.swift */; };
/* End PBXBuildFile section */

/* Begin PBXFileReference section */
		860BF822260210640056428B /* withMake.app */ = {isa = PBXFileReference; explicitFileType = wrapper.application; includeInIndex = 0; path = withMake.app; sourceTree = BUILT_PRODUCTS_DIR; };
		860BF825260210640056428B /* AppDelegate.swift */ = {isa = PBXFileReference; lastKnownFileType = sourcecode.swift; path = AppDelegate.swift; sourceTree = "<group>"; };
		860BF827260210640056428B /* SceneDelegate.swift */ = {isa = PBXFileReference; lastKnownFileType = sourcecode.swift; path = SceneDelegate.swift; sourceTree = "<group>"; };
		860BF829260210640056428B /* MainViewController.swift */ = {isa = PBXFileReference; lastKnownFileType = sourcecode.swift; path = MainViewController.swift; sourceTree = "<group>"; };
		860BF82C260210640056428B /* Base */ = {isa = PBXFileReference; lastKnownFileType = file.storyboard; name = Base; path = Base.lproj/Main.storyboard; sourceTree = "<group>"; };
		860BF82E260210670056428B /* Assets.xcassets */ = {isa = PBXFileReference; lastKnownFileType = folder.assetcatalog; path = Assets.xcassets; sourceTree = "<group>"; };
		860BF831260210670056428B /* Base */ = {isa = PBXFileReference; lastKnownFileType = file.storyboard; name = Base; path = Base.lproj/LaunchScreen.storyboard; sourceTree = "<group>"; };
		860BF833260210670056428B /* Info.plist */ = {isa = PBXFileReference; lastKnownFileType = text.plist.xml; path = Info.plist; sourceTree = "<group>"; };
		8623F0F8260B0BCD00033AAF /* EntryViewController.swift */ = {isa = PBXFileReference; lastKnownFileType = sourcecode.swift; path = EntryViewController.swift; sourceTree = "<group>"; };
		8623F102260B11CC00033AAF /* RegisterViewController.swift */ = {isa = PBXFileReference; lastKnownFileType = sourcecode.swift; path = RegisterViewController.swift; sourceTree = "<group>"; };
		8623F105260B11FB00033AAF /* RegisterPinViewController.swift */ = {isa = PBXFileReference; lastKnownFileType = sourcecode.swift; path = RegisterPinViewController.swift; sourceTree = "<group>"; };
		8623F10C260B124800033AAF /* LoginViewController.swift */ = {isa = PBXFileReference; lastKnownFileType = sourcecode.swift; path = LoginViewController.swift; sourceTree = "<group>"; };
		8686F146261DF52300779AA9 /* BookCell.swift */ = {isa = PBXFileReference; lastKnownFileType = sourcecode.swift; path = BookCell.swift; sourceTree = "<group>"; };
/* End PBXFileReference section */

/* Begin PBXFrameworksBuildPhase section */
		860BF81F260210640056428B /* Frameworks */ = {
			isa = PBXFrameworksBuildPhase;
			buildActionMask = 2147483647;
			files = (
			);
			runOnlyForDeploymentPostprocessing = 0;
		};
/* End PBXFrameworksBuildPhase section */

/* Begin PBXGroup section */
		860BF819260210640056428B = {
			isa = PBXGroup;
			children = (
				860BF824260210640056428B /* withMake */,
				860BF823260210640056428B /* Products */,
			);
			sourceTree = "<group>";
		};
		860BF823260210640056428B /* Products */ = {
			isa = PBXGroup;
			children = (
				860BF822260210640056428B /* withMake.app */,
			);
			name = Products;
			sourceTree = "<group>";
		};
		860BF824260210640056428B /* withMake */ = {
			isa = PBXGroup;
			children = (
				860BF825260210640056428B /* AppDelegate.swift */,
				860BF827260210640056428B /* SceneDelegate.swift */,
				8623F0F5260B0A2300033AAF /* Models */,
				8623F0F4260B0A1A00033AAF /* Views */,
				8623F0F6260B0A2B00033AAF /* Controllers */,
				860BF82E260210670056428B /* Assets.xcassets */,
				860BF830260210670056428B /* LaunchScreen.storyboard */,
				860BF833260210670056428B /* Info.plist */,
			);
			path = withMake;
			sourceTree = "<group>";
		};
		8623F0F4260B0A1A00033AAF /* Views */ = {
			isa = PBXGroup;
			children = (
				860BF82B260210640056428B /* Main.storyboard */,
				8686F146261DF52300779AA9 /* BookCell.swift */,
			);
			path = Views;
			sourceTree = "<group>";
		};
		8623F0F5260B0A2300033AAF /* Models */ = {
			isa = PBXGroup;
			children = (
			);
			path = Models;
			sourceTree = "<group>";
		};
		8623F0F6260B0A2B00033AAF /* Controllers */ = {
			isa = PBXGroup;
			children = (
				860BF829260210640056428B /* MainViewController.swift */,
				8623F0F8260B0BCD00033AAF /* EntryViewController.swift */,
				8623F102260B11CC00033AAF /* RegisterViewController.swift */,
				8623F105260B11FB00033AAF /* RegisterPinViewController.swift */,
				8623F10C260B124800033AAF /* LoginViewController.swift */,
			);
			path = Controllers;
			sourceTree = "<group>";
		};
/* End PBXGroup section */

/* Begin PBXNativeTarget section */
		860BF821260210640056428B /* withMake */ = {
			isa = PBXNativeTarget;
			buildConfigurationList = 860BF836260210670056428B /* Build configuration list for PBXNativeTarget "withMake" */;
			buildPhases = (
				860BF81E260210640056428B /* Sources */,
				860BF81F260210640056428B /* Frameworks */,
				860BF820260210640056428B /* Resources */,
			);
			buildRules = (
			);
			dependencies = (
			);
			name = withMake;
			productName = withMake;
			productReference = 860BF822260210640056428B /* withMake.app */;
			productType = "com.apple.product-type.application";
		};
/* End PBXNativeTarget section */

/* Begin PBXProject section */
		860BF81A260210640056428B /* Project object */ = {
			isa = PBXProject;
			attributes = {
				LastSwiftUpdateCheck = 1240;
				LastUpgradeCheck = 1240;
				TargetAttributes = {
					860BF821260210640056428B = {
						CreatedOnToolsVersion = 12.4;
					};
				};
			};
			buildConfigurationList = 860BF81D260210640056428B /* Build configuration list for PBXProject "withMake" */;
			compatibilityVersion = "Xcode 9.3";
			developmentRegion = en;
			hasScannedForEncodings = 0;
			knownRegions = (
				en,
				Base,
			);
			mainGroup = 860BF819260210640056428B;
			productRefGroup = 860BF823260210640056428B /* Products */;
			projectDirPath = "";
			projectRoot = "";
			targets = (
				860BF821260210640056428B /* withMake */,
			);
		};
/* End PBXProject section */

/* Begin PBXResourcesBuildPhase section */
		860BF820260210640056428B /* Resources */ = {
			isa = PBXResourcesBuildPhase;
			buildActionMask = 2147483647;
			files = (
				860BF832260210670056428B /* LaunchScreen.storyboard in Resources */,
				860BF82F260210670056428B /* Assets.xcassets in Resources */,
				860BF82D260210640056428B /* Main.storyboard in Resources */,
			);
			runOnlyForDeploymentPostprocessing = 0;
		};
/* End PBXResourcesBuildPhase section */

/* Begin PBXSourcesBuildPhase section */
		860BF81E260210640056428B /* Sources */ = {
			isa = PBXSourcesBuildPhase;
			buildActionMask = 2147483647;
			files = (
				860BF82A260210640056428B /* MainViewController.swift in Sources */,
				8623F0F9260B0BCD00033AAF /* EntryViewController.swift in Sources */,
				8623F106260B11FB00033AAF /* RegisterPinViewController.swift in Sources */,
				860BF826260210640056428B /* AppDelegate.swift in Sources */,
				8686F147261DF52300779AA9 /* BookCell.swift in Sources */,
				8623F10D260B124800033AAF /* LoginViewController.swift in Sources */,
				860BF828260210640056428B /* SceneDelegate.swift in Sources */,
				8623F103260B11CC00033AAF /* RegisterViewController.swift in Sources */,
			);
			runOnlyForDeploymentPostprocessing = 0;
		};
/* End PBXSourcesBuildPhase section */

/* Begin PBXVariantGroup section */
		860BF82B260210640056428B /* Main.storyboard */ = {
			isa = PBXVariantGroup;
			children = (
				860BF82C260210640056428B /* Base */,
			);
			name = Main.storyboard;
			sourceTree = "<group>";
		};
		860BF830260210670056428B /* LaunchScreen.storyboard */ = {
			isa = PBXVariantGroup;
			children = (
				860BF831260210670056428B /* Base */,
			);
			name = LaunchScreen.storyboard;
			sourceTree = "<group>";
		};
/* End PBXVariantGroup section */

/* Begin XCBuildConfiguration section */
		860BF834260210670056428B /* Debug */ = {
			isa = XCBuildConfiguration;
			buildSettings = {
				ALWAYS_SEARCH_USER_PATHS = NO;
				CLANG_ANALYZER_NONNULL = YES;
				CLANG_ANALYZER_NUMBER_OBJECT_CONVERSION = YES_AGGRESSIVE;
				CLANG_CXX_LANGUAGE_STANDARD = "gnu++14";
				CLANG_CXX_LIBRARY = "libc++";
				CLANG_ENABLE_MODULES = YES;
				CLANG_ENABLE_OBJC_ARC = YES;
				CLANG_ENABLE_OBJC_WEAK = YES;
				CLANG_WARN_BLOCK_CAPTURE_AUTORELEASING = YES;
				CLANG_WARN_BOOL_CONVERSION = YES;
				CLANG_WARN_COMMA = YES;
				CLANG_WARN_CONSTANT_CONVERSION = YES;
				CLANG_WARN_DEPRECATED_OBJC_IMPLEMENTATIONS = YES;
				CLANG_WARN_DIRECT_OBJC_ISA_USAGE = YES_ERROR;
				CLANG_WARN_DOCUMENTATION_COMMENTS = YES;
				CLANG_WARN_EMPTY_BODY = YES;
				CLANG_WARN_ENUM_CONVERSION = YES;
				CLANG_WARN_INFINITE_RECURSION = YES;
				CLANG_WARN_INT_CONVERSION = YES;
				CLANG_WARN_NON_LITERAL_NULL_CONVERSION = YES;
				CLANG_WARN_OBJC_IMPLICIT_RETAIN_SELF = YES;
				CLANG_WARN_OBJC_LITERAL_CONVERSION = YES;
				CLANG_WARN_OBJC_ROOT_CLASS = YES_ERROR;
				CLANG_WARN_QUOTED_INCLUDE_IN_FRAMEWORK_HEADER = YES;
				CLANG_WARN_RANGE_LOOP_ANALYSIS = YES;
				CLANG_WARN_STRICT_PROTOTYPES = YES;
				CLANG_WARN_SUSPICIOUS_MOVE = YES;
				CLANG_WARN_UNGUARDED_AVAILABILITY = YES_AGGRESSIVE;
				CLANG_WARN_UNREACHABLE_CODE = YES;
				CLANG_WARN__DUPLICATE_METHOD_MATCH = YES;
				COPY_PHASE_STRIP = NO;
				DEBUG_INFORMATION_FORMAT = dwarf;
				ENABLE_STRICT_OBJC_MSGSEND = YES;
				ENABLE_TESTABILITY = YES;
				GCC_C_LANGUAGE_STANDARD = gnu11;
				GCC_DYNAMIC_NO_PIC = NO;
				GCC_NO_COMMON_BLOCKS = YES;
				GCC_OPTIMIZATION_LEVEL = 0;
				GCC_PREPROCESSOR_DEFINITIONS = (
					"DEBUG=1",
					"$(inherited)",
				);
				GCC_WARN_64_TO_32_BIT_CONVERSION = YES;
				GCC_WARN_ABOUT_RETURN_TYPE = YES_ERROR;
				GCC_WARN_UNDECLARED_SELECTOR = YES;
				GCC_WARN_UNINITIALIZED_AUTOS = YES_AGGRESSIVE;
				GCC_WARN_UNUSED_FUNCTION = YES;
				GCC_WARN_UNUSED_VARIABLE = YES;
				IPHONEOS_DEPLOYMENT_TARGET = 14.4;
				MTL_ENABLE_DEBUG_INFO = INCLUDE_SOURCE;
				MTL_FAST_MATH = YES;
				ONLY_ACTIVE_ARCH = YES;
				SDKROOT = iphoneos;
				SWIFT_ACTIVE_COMPILATION_CONDITIONS = DEBUG;
				SWIFT_OPTIMIZATION_LEVEL = "-Onone";
			};
			name = Debug;
		};
		860BF835260210670056428B /* Release */ = {
			isa = XCBuildConfiguration;
			buildSettings = {
				ALWAYS_SEARCH_USER_PATHS = NO;
				CLANG_ANALYZER_NONNULL = YES;
				CLANG_ANALYZER_NUMBER_OBJECT_CONVERSION = YES_AGGRESSIVE;
				CLANG_CXX_LANGUAGE_STANDARD = "gnu++14";
				CLANG_CXX_LIBRARY = "libc++";
				CLANG_ENABLE_MODULES = YES;
				CLANG_ENABLE_OBJC_ARC = YES;
				CLANG_ENABLE_OBJC_WEAK = YES;
				CLANG_WARN_BLOCK_CAPTURE_AUTORELEASING = YES;
				CLANG_WARN_BOOL_CONVERSION = YES;
				CLANG_WARN_COMMA = YES;
				CLANG_WARN_CONSTANT_CONVERSION = YES;
				CLANG_WARN_DEPRECATED_OBJC_IMPLEMENTATIONS = YES;
				CLANG_WARN_DIRECT_OBJC_ISA_USAGE = YES_ERROR;
				CLANG_WARN_DOCUMENTATION_COMMENTS = YES;
				CLANG_WARN_EMPTY_BODY = YES;
				CLANG_WARN_ENUM_CONVERSION = YES;
				CLANG_WARN_INFINITE_RECURSION = YES;
				CLANG_WARN_INT_CONVERSION = YES;
				CLANG_WARN_NON_LITERAL_NULL_CONVERSION = YES;
				CLANG_WARN_OBJC_IMPLICIT_RETAIN_SELF = YES;
				CLANG_WARN_OBJC_LITERAL_CONVERSION = YES;
				CLANG_WARN_OBJC_ROOT_CLASS = YES_ERROR;
				CLANG_WARN_QUOTED_INCLUDE_IN_FRAMEWORK_HEADER = YES;
				CLANG_WARN_RANGE_LOOP_ANALYSIS = YES;
				CLANG_WARN_STRICT_PROTOTYPES = YES;
				CLANG_WARN_SUSPICIOUS_MOVE = YES;
				CLANG_WARN_UNGUARDED_AVAILABILITY = YES_AGGRESSIVE;
				CLANG_WARN_UNREACHABLE_CODE = YES;
				CLANG_WARN__DUPLICATE_METHOD_MATCH = YES;
				COPY_PHASE_STRIP = NO;
				DEBUG_INFORMATION_FORMAT = "dwarf-with-dsym";
				ENABLE_NS_ASSERTIONS = NO;
				ENABLE_STRICT_OBJC_MSGSEND = YES;
				GCC_C_LANGUAGE_STANDARD = gnu11;
				GCC_NO_COMMON_BLOCKS = YES;
				GCC_WARN_64_TO_32_BIT_CONVERSION = YES;
				GCC_WARN_ABOUT_RETURN_TYPE = YES_ERROR;
				GCC_WARN_UNDECLARED_SELECTOR = YES;
				GCC_WARN_UNINITIALIZED_AUTOS = YES_AGGRESSIVE;
				GCC_WARN_UNUSED_FUNCTION = YES;
				GCC_WARN_UNUSED_VARIABLE = YES;
				IPHONEOS_DEPLOYMENT_TARGET = 14.4;
				MTL_ENABLE_DEBUG_INFO = NO;
				MTL_FAST_MATH = YES;
				SDKROOT = iphoneos;
				SWIFT_COMPILATION_MODE = wholemodule;
				SWIFT_OPTIMIZATION_LEVEL = "-O";
				VALIDATE_PRODUCT = YES;
			};
			name = Release;
		};
		860BF837260210670056428B /* Debug */ = {
			isa = XCBuildConfiguration;
			buildSettings = {
				ASSETCATALOG_COMPILER_APPICON_NAME = AppIcon;
				ASSETCATALOG_COMPILER_GLOBAL_ACCENT_COLOR_NAME = AccentColor;
				CODE_SIGN_STYLE = Automatic;
				DEVELOPMENT_TEAM = 78H2K74BFK;
				INFOPLIST_FILE = withMake/Info.plist;
				LD_RUNPATH_SEARCH_PATHS = (
					"$(inherited)",
					"@executable_path/Frameworks",
				);
				PRODUCT_BUNDLE_IDENTIFIER = io.AndyLEE.withMake;
				PRODUCT_NAME = "$(TARGET_NAME)";
				SWIFT_VERSION = 5.0;
				TARGETED_DEVICE_FAMILY = "1,2";
			};
			name = Debug;
		};
		860BF838260210670056428B /* Release */ = {
			isa = XCBuildConfiguration;
			buildSettings = {
				ASSETCATALOG_COMPILER_APPICON_NAME = AppIcon;
				ASSETCATALOG_COMPILER_GLOBAL_ACCENT_COLOR_NAME = AccentColor;
				CODE_SIGN_STYLE = Automatic;
				DEVELOPMENT_TEAM = 78H2K74BFK;
				INFOPLIST_FILE = withMake/Info.plist;
				LD_RUNPATH_SEARCH_PATHS = (
					"$(inherited)",
					"@executable_path/Frameworks",
				);
				PRODUCT_BUNDLE_IDENTIFIER = io.AndyLEE.withMake;
				PRODUCT_NAME = "$(TARGET_NAME)";
				SWIFT_VERSION = 5.0;
				TARGETED_DEVICE_FAMILY = "1,2";
			};
			name = Release;
		};
/* End XCBuildConfiguration section */

/* Begin XCConfigurationList section */
		860BF81D260210640056428B /* Build configuration list for PBXProject "withMake" */ = {
			isa = XCConfigurationList;
			buildConfigurations = (
				860BF834260210670056428B /* Debug */,
				860BF835260210670056428B /* Release */,
			);
			defaultConfigurationIsVisible = 0;
			defaultConfigurationName = Release;
		};
		860BF836260210670056428B /* Build configuration list for PBXNativeTarget "withMake" */ = {
			isa = XCConfigurationList;
			buildConfigurations = (
				860BF837260210670056428B /* Debug */,
				860BF838260210670056428B /* Release */,
			);
			defaultConfigurationIsVisible = 0;
			defaultConfigurationName = Release;
		};
/* End XCConfigurationList section */
	};
	rootObject = 860BF81A260210640056428B /* Project object */;
}
